
Microsoft Visual Studio Solution File, Format Version 12.00
# Visual Studio Version 16
VisualStudioVersion = 16.0.29306.81
MinimumVisualStudioVersion = 10.0.40219.1
Project("{FAE04EC0-301F-11D3-BF4B-00C04F79EFBC}") = "TwicDownloader", "TwicDownloader.csproj", "{5B63A084-CF17-4ACA-BE99-7671A9C6D350}"
EndProject
Global
	GlobalSection(SolutionConfigurationPlatforms) = preSolution
		Debug|Any CPU = Debug|Any CPU
		Release|Any CPU = Release|Any CPU
	EndGlobalSection
	GlobalSection(ProjectConfigurationPlatforms) = postSolution
		{5B63A084-CF17-4ACA-BE99-7671A9C6D350}.Debug|Any CPU.ActiveCfg = Debug|Any CPU
		{5B63A084-CF17-4ACA-BE99-7671A9C6D350}.Debug|Any CPU.Build.0 = Debug|Any CPU
		{5B63A084-CF17-4ACA-BE99-7671A9C6D350}.Release|Any CPU.ActiveCfg = Release|Any CPU
		{5B63A084-CF17-4ACA-BE99-7671A9C6D350}.Release|Any CPU.Build.0 = Release|Any CPU
	EndGlobalSection
	GlobalSection(SolutionProperties) = preSolution
		HideSolutionNode = FALSE
	EndGlobalSection
	GlobalSection(ExtensibilityGlobals) = postSolution
		SolutionGuid = {BB5B415E-981D-493B-AC64-DB1563C874E8}
	EndGlobalSection
EndGlobal
